
Microsoft Visual Studio Solution File, Format Version 12.00
# Visual Studio 15
VisualStudioVersion = 15.0.28307.960
MinimumVisualStudioVersion = 10.0.40219.1
Project("{FAE04EC0-301F-11D3-BF4B-00C04F79EFBC}") = "Senai.Peoples.Manha", "Senai.Peoples.Manha\Senai.Peoples.Manha.csproj", "{903772D6-8208-4B19-A9F2-9EA5D24DCB4E}"
EndProject
Global
	GlobalSection(SolutionConfigurationPlatforms) = preSolution
		Debug|Any CPU = Debug|Any CPU
		Release|Any CPU = Release|Any CPU
	EndGlobalSection
	GlobalSection(ProjectConfigurationPlatforms) = postSolution
		{903772D6-8208-4B19-A9F2-9EA5D24DCB4E}.Debug|Any CPU.ActiveCfg = Debug|Any CPU
		{903772D6-8208-4B19-A9F2-9EA5D24DCB4E}.Debug|Any CPU.Build.0 = Debug|Any CPU
		{903772D6-8208-4B19-A9F2-9EA5D24DCB4E}.Release|Any CPU.ActiveCfg = Release|Any CPU
		{903772D6-8208-4B19-A9F2-9EA5D24DCB4E}.Release|Any CPU.Build.0 = Release|Any CPU
	EndGlobalSection
	GlobalSection(SolutionProperties) = preSolution
		HideSolutionNode = FALSE
	EndGlobalSection
	GlobalSection(ExtensibilityGlobals) = postSolution
		SolutionGuid = {1FFA0D09-3348-4F56-A798-B8ECA6AA950F}
	EndGlobalSection
EndGlobal
